
Microsoft Visual Studio Solution File, Format Version 12.00
# Visual Studio Version 16
VisualStudioVersion = 16.0.28803.452
MinimumVisualStudioVersion = 10.0.40219.1
Project("{FAE04EC0-301F-11D3-BF4B-00C04F79EFBC}") = "SurfaceCamera", "SurfaceCamera\SurfaceCamera.csproj", "{FA3FE9C4-05A7-4C0F-B53B-FFAE1E9D5B99}"
EndProject
Global
	GlobalSection(SolutionConfigurationPlatforms) = preSolution
		Debug|Any CPU = Debug|Any CPU
		Release|Any CPU = Release|Any CPU
	EndGlobalSection
	GlobalSection(ProjectConfigurationPlatforms) = postSolution
		{FA3FE9C4-05A7-4C0F-B53B-FFAE1E9D5B99}.Debug|Any CPU.ActiveCfg = Debug|Any CPU
		{FA3FE9C4-05A7-4C0F-B53B-FFAE1E9D5B99}.Debug|Any CPU.Build.0 = Debug|Any CPU
		{FA3FE9C4-05A7-4C0F-B53B-FFAE1E9D5B99}.Debug|Any CPU.Deploy.0 = Debug|Any CPU
		{FA3FE9C4-05A7-4C0F-B53B-FFAE1E9D5B99}.Release|Any CPU.ActiveCfg = Release|Any CPU
		{FA3FE9C4-05A7-4C0F-B53B-FFAE1E9D5B99}.Release|Any CPU.Build.0 = Release|Any CPU
		{FA3FE9C4-05A7-4C0F-B53B-FFAE1E9D5B99}.Release|Any CPU.Deploy.0 = Release|Any CPU
	EndGlobalSection
	GlobalSection(SolutionProperties) = preSolution
		HideSolutionNode = FALSE
	EndGlobalSection
	GlobalSection(ExtensibilityGlobals) = postSolution
		SolutionGuid = {491AB322-FDC9-48B4-B557-A638C17C8DDF}
	EndGlobalSection
EndGlobal
